github.com/doug-martin/goqu v5.0.0+incompatible h1:C7O6xQYoWpSGX32C1faMJWe1s82Ktr2jjWf2joReiSQ=
github.com/doug-martin/goqu v5.0.0+incompatible/go.mod h1:4xBntUHXkdIh+CnYd+I2kdHgUTq1kJ+p7OBCngg7RrY=
github.com/mattn/go-sqlite3 v1.14.14 h1:qZgc/Rwetq+MtyE18WhzjokPD93dNqLGNT3QJuLvBGw=
github.com/mattn/go-sqlite3 v1.14.14/go.mod h1:NyWgC/yNuGj7Q9rpYnZvas74GogHl5/Z4A/KQRfk6bU=
github.com/pkg/profile v1.6.0 h1:hUDfIISABYI59DyeB3OTay/HxSRwTQ8rB/H83k6r5dM=
github.com/pkg/profile v1.6.0/go.mod h1:qBsxPvzyUincmltOk6iyRVxHYg4adc0OFOv72ZdLa18=
